Microsoft Visual Studio Solution File, Format Version 12.00
# Visual Studio Version 17
VisualStudioVersion = 17.5.2.0
MinimumVisualStudioVersion = 10.0.40219.1
Project("{FAE04EC0-301F-11D3-BF4B-00C04F79EFBC}") = "MAI.API", "MAI.API.csproj", "{BAF571F6-AF14-57EA-C71C-89921D36C344}"
EndProject
Global
	GlobalSection(SolutionConfigurationPlatforms) = preSolution
		Debug|Any CPU = Debug|Any CPU
		Release|Any CPU = Release|Any CPU
	EndGlobalSection
	GlobalSection(ProjectConfigurationPlatforms) = postSolution
		{BAF571F6-AF14-57EA-C71C-89921D36C344}.Debug|Any CPU.ActiveCfg = Debug|Any CPU
		{BAF571F6-AF14-57EA-C71C-89921D36C344}.Debug|Any CPU.Build.0 = Debug|Any CPU
		{BAF571F6-AF14-57EA-C71C-89921D36C344}.Release|Any CPU.ActiveCfg = Release|Any CPU
		{BAF571F6-AF14-57EA-C71C-89921D36C344}.Release|Any CPU.Build.0 = Release|Any CPU
	EndGlobalSection
	GlobalSection(SolutionProperties) = preSolution
		HideSolutionNode = FALSE
	EndGlobalSection
	GlobalSection(ExtensibilityGlobals) = postSolution
		SolutionGuid = {973AAD8A-EC65-4F93-B052-8EDCC0D69D0D}
	EndGlobalSection
EndGlobal
